
Microsoft Visual Studio Solution File, Format Version 12.00
# Visual Studio Version 17
VisualStudioVersion = 17.5.002.0
MinimumVisualStudioVersion = 10.0.40219.1
Project("{9A19103F-16F7-4668-BE54-9A1E7A4F7556}") = "API", "API.csproj", "{EFFEC7E9-2F21-40E1-97D9-0999CD1C2FBF}"
EndProject
Global
	GlobalSection(SolutionConfigurationPlatforms) = preSolution
		Debug|Any CPU = Debug|Any CPU
		Release|Any CPU = Release|Any CPU
	EndGlobalSection
	GlobalSection(ProjectConfigurationPlatforms) = postSolution
		{EFFEC7E9-2F21-40E1-97D9-0999CD1C2FBF}.Debug|Any CPU.ActiveCfg = Debug|Any CPU
		{EFFEC7E9-2F21-40E1-97D9-0999CD1C2FBF}.Debug|Any CPU.Build.0 = Debug|Any CPU
		{EFFEC7E9-2F21-40E1-97D9-0999CD1C2FBF}.Release|Any CPU.ActiveCfg = Release|Any CPU
		{EFFEC7E9-2F21-40E1-97D9-0999CD1C2FBF}.Release|Any CPU.Build.0 = Release|Any CPU
	EndGlobalSection
	GlobalSection(SolutionProperties) = preSolution
		HideSolutionNode = FALSE
	EndGlobalSection
	GlobalSection(ExtensibilityGlobals) = postSolution
		SolutionGuid = {64BC985F-CB11-40A0-B99C-12F933186047}
	EndGlobalSection
EndGlobal
